
Microsoft Visual Studio Solution File, Format Version 12.00
# Visual Studio 14
VisualStudioVersion = 14.0.25420.1
MinimumVisualStudioVersion = 10.0.40219.1
Project("{8BC9CEB8-8B4A-11D0-8D11-00A0C91BC942}") = "APAP", "APAP\APAP.vcxproj", "{563A7CB9-5068-4506-8A88-60A263B6F8B1}"
EndProject
Project("{2150E333-8FDC-42A3-9474-1A3956D46DE8}") = "ImageStitchingFolder", "ImageStitchingFolder", "{E5A479B4-A655-4E80-B851-F5BA7369DCD1}"
EndProject
Project("{8BC9CEB8-8B4A-11D0-8D11-00A0C91BC942}") = "PTIS", "PTIS\PTIS.vcxproj", "{5224A848-95F0-4703-99FC-89B9119C6273}"
EndProject
Project("{8BC9CEB8-8B4A-11D0-8D11-00A0C91BC942}") = "TestCode-CVLine", "TestCode-CVLine\TestCode-CVLine.vcxproj", "{98F38649-0C3D-4639-B04E-9B3C37BA82DC}"
EndProject
Project("{2150E333-8FDC-42A3-9474-1A3956D46DE8}") = "PPT-Codes", "PPT-Codes", "{4BED34C3-989B-4C90-81FB-2E58A0246525}"
EndProject
Project("{8BC9CEB8-8B4A-11D0-8D11-00A0C91BC942}") = "AnimateTransform", "AnimateTransform\AnimateTransform.vcxproj", "{1F6A357B-E439-4A8D-9466-DAF8E526F705}"
EndProject
Global
	GlobalSection(SolutionConfigurationPlatforms) = preSolution
		Debug|x64 = Debug|x64
		Debug|x86 = Debug|x86
		Release|x64 = Release|x64
		Release|x86 = Release|x86
	EndGlobalSection
	GlobalSection(ProjectConfigurationPlatforms) = postSolution
		{563A7CB9-5068-4506-8A88-60A263B6F8B1}.Debug|x64.ActiveCfg = Debug|x64
		{563A7CB9-5068-4506-8A88-60A263B6F8B1}.Debug|x64.Build.0 = Debug|x64
		{563A7CB9-5068-4506-8A88-60A263B6F8B1}.Debug|x86.ActiveCfg = Debug|Win32
		{563A7CB9-5068-4506-8A88-60A263B6F8B1}.Debug|x86.Build.0 = Debug|Win32
		{563A7CB9-5068-4506-8A88-60A263B6F8B1}.Release|x64.ActiveCfg = Release|x64
		{563A7CB9-5068-4506-8A88-60A263B6F8B1}.Release|x64.Build.0 = Release|x64
		{563A7CB9-5068-4506-8A88-60A263B6F8B1}.Release|x86.ActiveCfg = Release|Win32
		{563A7CB9-5068-4506-8A88-60A263B6F8B1}.Release|x86.Build.0 = Release|Win32
		{5224A848-95F0-4703-99FC-89B9119C6273}.Debug|x64.ActiveCfg = Debug|x64
		{5224A848-95F0-4703-99FC-89B9119C6273}.Debug|x64.Build.0 = Debug|x64
		{5224A848-95F0-4703-99FC-89B9119C6273}.Debug|x86.ActiveCfg = Debug|Win32
		{5224A848-95F0-4703-99FC-89B9119C6273}.Debug|x86.Build.0 = Debug|Win32
		{5224A848-95F0-4703-99FC-89B9119C6273}.Release|x64.ActiveCfg = Release|x64
		{5224A848-95F0-4703-99FC-89B9119C6273}.Release|x64.Build.0 = Release|x64
		{5224A848-95F0-4703-99FC-89B9119C6273}.Release|x86.ActiveCfg = Release|Win32
		{5224A848-95F0-4703-99FC-89B9119C6273}.Release|x86.Build.0 = Release|Win32
		{98F38649-0C3D-4639-B04E-9B3C37BA82DC}.Debug|x64.ActiveCfg = Debug|x64
		{98F38649-0C3D-4639-B04E-9B3C37BA82DC}.Debug|x64.Build.0 = Debug|x64
		{98F38649-0C3D-4639-B04E-9B3C37BA82DC}.Debug|x86.ActiveCfg = Debug|Win32
		{98F38649-0C3D-4639-B04E-9B3C37BA82DC}.Debug|x86.Build.0 = Debug|Win32
		{98F38649-0C3D-4639-B04E-9B3C37BA82DC}.Release|x64.ActiveCfg = Release|x64
		{98F38649-0C3D-4639-B04E-9B3C37BA82DC}.Release|x64.Build.0 = Release|x64
		{98F38649-0C3D-4639-B04E-9B3C37BA82DC}.Release|x86.ActiveCfg = Release|Win32
		{98F38649-0C3D-4639-B04E-9B3C37BA82DC}.Release|x86.Build.0 = Release|Win32
		{1F6A357B-E439-4A8D-9466-DAF8E526F705}.Debug|x64.ActiveCfg = Debug|x64
		{1F6A357B-E439-4A8D-9466-DAF8E526F705}.Debug|x64.Build.0 = Debug|x64
		{1F6A357B-E439-4A8D-9466-DAF8E526F705}.Debug|x86.ActiveCfg = Debug|Win32
		{1F6A357B-E439-4A8D-9466-DAF8E526F705}.Debug|x86.Build.0 = Debug|Win32
		{1F6A357B-E439-4A8D-9466-DAF8E526F705}.Release|x64.ActiveCfg = Release|x64
		{1F6A357B-E439-4A8D-9466-DAF8E526F705}.Release|x64.Build.0 = Release|x64
		{1F6A357B-E439-4A8D-9466-DAF8E526F705}.Release|x86.ActiveCfg = Release|Win32
		{1F6A357B-E439-4A8D-9466-DAF8E526F705}.Release|x86.Build.0 = Release|Win32
	EndGlobalSection
	GlobalSection(SolutionProperties) = preSolution
		HideSolutionNode = FALSE
	EndGlobalSection
	GlobalSection(NestedProjects) = preSolution
		{563A7CB9-5068-4506-8A88-60A263B6F8B1} = {E5A479B4-A655-4E80-B851-F5BA7369DCD1}
		{5224A848-95F0-4703-99FC-89B9119C6273} = {E5A479B4-A655-4E80-B851-F5BA7369DCD1}
		{4BED34C3-989B-4C90-81FB-2E58A0246525} = {E5A479B4-A655-4E80-B851-F5BA7369DCD1}
		{1F6A357B-E439-4A8D-9466-DAF8E526F705} = {4BED34C3-989B-4C90-81FB-2E58A0246525}
	EndGlobalSection
EndGlobal
